
Microsoft Visual Studio Solution File, Format Version 12.00
# Visual Studio Version 17
VisualStudioVersion = 17.0.31903.59
MinimumVisualStudioVersion = 10.0.40219.1
Project("{2150E333-8FDC-42A3-9474-1A3956D46DE8}") = "src", "src", "{841E1C72-B637-4D01-8576-C41E6502537D}"
EndProject
Project("{FAE04EC0-301F-11D3-BF4B-00C04F79EFBC}") = "Linebotsdkx.ChannelAccessToken", "src\Linebotsdkx.ChannelAccessToken\Linebotsdkx.ChannelAccessToken.csproj", "{DC0041E9-C395-4757-A1A7-9EC02513BD8B}"
EndProject
Project("{FAE04EC0-301F-11D3-BF4B-00C04F79EFBC}") = "Linebotsdkx.ChannelAccessToken.Test", "src\Linebotsdkx.ChannelAccessToken.Test\Linebotsdkx.ChannelAccessToken.Test.csproj", "{03767E74-31EB-43D5-8138-A8A09B447D3C}"
EndProject
Project("{FAE04EC0-301F-11D3-BF4B-00C04F79EFBC}") = "Linebotsdkx.Insight", "src\Linebotsdkx.Insight\Linebotsdkx.Insight.csproj", "{1E14B366-A4CB-476D-95BD-64D37D6DB3C9}"
EndProject
Project("{FAE04EC0-301F-11D3-BF4B-00C04F79EFBC}") = "Linebotsdkx.Insight.Test", "src\Linebotsdkx.Insight.Test\Linebotsdkx.Insight.Test.csproj", "{5859CB82-D044-4EDC-9AF5-1434E4C77806}"
EndProject
Project("{FAE04EC0-301F-11D3-BF4B-00C04F79EFBC}") = "Linebotsdkx.Liff", "src\Linebotsdkx.Liff\Linebotsdkx.Liff.csproj", "{C4E4D29C-DFDD-4C27-8058-AE207EF488A2}"
EndProject
Project("{FAE04EC0-301F-11D3-BF4B-00C04F79EFBC}") = "Linebotsdkx.Liff.Test", "src\Linebotsdkx.Liff.Test\Linebotsdkx.Liff.Test.csproj", "{92793714-217C-4724-9E79-7D8E407C40E1}"
EndProject
Project("{FAE04EC0-301F-11D3-BF4B-00C04F79EFBC}") = "Linebotsdkx.ManageAudience", "src\Linebotsdkx.ManageAudience\Linebotsdkx.ManageAudience.csproj", "{1B919BDD-EF0F-431B-831F-AF7FBFC42164}"
EndProject
Project("{FAE04EC0-301F-11D3-BF4B-00C04F79EFBC}") = "Linebotsdkx.ManageAudience.Test", "src\Linebotsdkx.ManageAudience.Test\Linebotsdkx.ManageAudience.Test.csproj", "{046CEAA4-1C25-4857-B272-5245FF421871}"
EndProject
Project("{FAE04EC0-301F-11D3-BF4B-00C04F79EFBC}") = "Linebotsdkx.MessagingApi", "src\Linebotsdkx.MessagingApi\Linebotsdkx.MessagingApi.csproj", "{53F64E44-FDBF-4717-B9C7-7B10698AE75A}"
EndProject
Project("{FAE04EC0-301F-11D3-BF4B-00C04F79EFBC}") = "Linebotsdkx.MessagingApi.Test", "src\Linebotsdkx.MessagingApi.Test\Linebotsdkx.MessagingApi.Test.csproj", "{6BCB2DB1-61B1-4730-8194-B76EC7317368}"
EndProject
Project("{FAE04EC0-301F-11D3-BF4B-00C04F79EFBC}") = "Linebotsdkx.ModuleAttach", "src\Linebotsdkx.ModuleAttach\Linebotsdkx.ModuleAttach.csproj", "{404B7A69-C0CF-4B24-8873-B9D23958E0C6}"
EndProject
Project("{FAE04EC0-301F-11D3-BF4B-00C04F79EFBC}") = "Linebotsdkx.ModuleAttach.Test", "src\Linebotsdkx.ModuleAttach.Test\Linebotsdkx.ModuleAttach.Test.csproj", "{B645053A-91D2-4B36-94C3-933A34F600A5}"
EndProject
Project("{FAE04EC0-301F-11D3-BF4B-00C04F79EFBC}") = "Linebotsdkx.Module", "src\Linebotsdkx.Module\Linebotsdkx.Module.csproj", "{5D66386A-4CED-49DD-A217-2A88D46FE083}"
EndProject
Project("{FAE04EC0-301F-11D3-BF4B-00C04F79EFBC}") = "Linebotsdkx.Module.Test", "src\Linebotsdkx.Module.Test\Linebotsdkx.Module.Test.csproj", "{F86A43A7-B453-4E12-864A-F9B63343FB16}"
EndProject
Project("{FAE04EC0-301F-11D3-BF4B-00C04F79EFBC}") = "Linebotsdkx.MvcUtility", "src\Linebotsdkx.MvcUtility\Linebotsdkx.MvcUtility.csproj", "{59BFD787-2439-41F0-A381-44078ED614EA}"
EndProject
Project("{FAE04EC0-301F-11D3-BF4B-00C04F79EFBC}") = "Linebotsdkx.Shop", "src\Linebotsdkx.Shop\Linebotsdkx.Shop.csproj", "{1948BDB2-1D94-4075-A759-7B6C1A5300D0}"
EndProject
Project("{FAE04EC0-301F-11D3-BF4B-00C04F79EFBC}") = "Linebotsdkx.Shop.Test", "src\Linebotsdkx.Shop.Test\Linebotsdkx.Shop.Test.csproj", "{2380ACD7-C84A-4672-A3B8-13B14604ABEE}"
EndProject
Project("{FAE04EC0-301F-11D3-BF4B-00C04F79EFBC}") = "Linebotsdkx.Utility", "src\Linebotsdkx.Utility\Linebotsdkx.Utility.csproj", "{1AA2B28A-5239-44B3-94A9-1156626FFE0B}"
EndProject
Project("{FAE04EC0-301F-11D3-BF4B-00C04F79EFBC}") = "Linebotsdkx.Webhook", "src\Linebotsdkx.Webhook\Linebotsdkx.Webhook.csproj", "{4ECC4CEE-C15F-444F-8046-35408A51761D}"
EndProject
Project("{FAE04EC0-301F-11D3-BF4B-00C04F79EFBC}") = "Linebotsdkx.Webhook.Test", "src\Linebotsdkx.Webhook.Test\Linebotsdkx.Webhook.Test.csproj", "{68357079-8CD0-4537-B63C-23DBBB3EF695}"
EndProject
Global
	GlobalSection(SolutionConfigurationPlatforms) = preSolution
		Debug|Any CPU = Debug|Any CPU
		Release|Any CPU = Release|Any CPU
	EndGlobalSection
	GlobalSection(SolutionProperties) = preSolution
		HideSolutionNode = FALSE
	EndGlobalSection
	GlobalSection(ProjectConfigurationPlatforms) = postSolution
		{DC0041E9-C395-4757-A1A7-9EC02513BD8B}.Debug|Any CPU.ActiveCfg = Debug|Any CPU
		{DC0041E9-C395-4757-A1A7-9EC02513BD8B}.Debug|Any CPU.Build.0 = Debug|Any CPU
		{DC0041E9-C395-4757-A1A7-9EC02513BD8B}.Release|Any CPU.ActiveCfg = Release|Any CPU
		{DC0041E9-C395-4757-A1A7-9EC02513BD8B}.Release|Any CPU.Build.0 = Release|Any CPU
		{03767E74-31EB-43D5-8138-A8A09B447D3C}.Debug|Any CPU.ActiveCfg = Debug|Any CPU
		{03767E74-31EB-43D5-8138-A8A09B447D3C}.Debug|Any CPU.Build.0 = Debug|Any CPU
		{03767E74-31EB-43D5-8138-A8A09B447D3C}.Release|Any CPU.ActiveCfg = Release|Any CPU
		{03767E74-31EB-43D5-8138-A8A09B447D3C}.Release|Any CPU.Build.0 = Release|Any CPU
		{1E14B366-A4CB-476D-95BD-64D37D6DB3C9}.Debug|Any CPU.ActiveCfg = Debug|Any CPU
		{1E14B366-A4CB-476D-95BD-64D37D6DB3C9}.Debug|Any CPU.Build.0 = Debug|Any CPU
		{1E14B366-A4CB-476D-95BD-64D37D6DB3C9}.Release|Any CPU.ActiveCfg = Release|Any CPU
		{1E14B366-A4CB-476D-95BD-64D37D6DB3C9}.Release|Any CPU.Build.0 = Release|Any CPU
		{5859CB82-D044-4EDC-9AF5-1434E4C77806}.Debug|Any CPU.ActiveCfg = Debug|Any CPU
		{5859CB82-D044-4EDC-9AF5-1434E4C77806}.Debug|Any CPU.Build.0 = Debug|Any CPU
		{5859CB82-D044-4EDC-9AF5-1434E4C77806}.Release|Any CPU.ActiveCfg = Release|Any CPU
		{5859CB82-D044-4EDC-9AF5-1434E4C77806}.Release|Any CPU.Build.0 = Release|Any CPU
		{C4E4D29C-DFDD-4C27-8058-AE207EF488A2}.Debug|Any CPU.ActiveCfg = Debug|Any CPU
		{C4E4D29C-DFDD-4C27-8058-AE207EF488A2}.Debug|Any CPU.Build.0 = Debug|Any CPU
		{C4E4D29C-DFDD-4C27-8058-AE207EF488A2}.Release|Any CPU.ActiveCfg = Release|Any CPU
		{C4E4D29C-DFDD-4C27-8058-AE207EF488A2}.Release|Any CPU.Build.0 = Release|Any CPU
		{92793714-217C-4724-9E79-7D8E407C40E1}.Debug|Any CPU.ActiveCfg = Debug|Any CPU
		{92793714-217C-4724-9E79-7D8E407C40E1}.Debug|Any CPU.Build.0 = Debug|Any CPU
		{92793714-217C-4724-9E79-7D8E407C40E1}.Release|Any CPU.ActiveCfg = Release|Any CPU
		{92793714-217C-4724-9E79-7D8E407C40E1}.Release|Any CPU.Build.0 = Release|Any CPU
		{1B919BDD-EF0F-431B-831F-AF7FBFC42164}.Debug|Any CPU.ActiveCfg = Debug|Any CPU
		{1B919BDD-EF0F-431B-831F-AF7FBFC42164}.Debug|Any CPU.Build.0 = Debug|Any CPU
		{1B919BDD-EF0F-431B-831F-AF7FBFC42164}.Release|Any CPU.ActiveCfg = Release|Any CPU
		{1B919BDD-EF0F-431B-831F-AF7FBFC42164}.Release|Any CPU.Build.0 = Release|Any CPU
		{046CEAA4-1C25-4857-B272-5245FF421871}.Debug|Any CPU.ActiveCfg = Debug|Any CPU
		{046CEAA4-1C25-4857-B272-5245FF421871}.Debug|Any CPU.Build.0 = Debug|Any CPU
		{046CEAA4-1C25-4857-B272-5245FF421871}.Release|Any CPU.ActiveCfg = Release|Any CPU
		{046CEAA4-1C25-4857-B272-5245FF421871}.Release|Any CPU.Build.0 = Release|Any CPU
		{53F64E44-FDBF-4717-B9C7-7B10698AE75A}.Debug|Any CPU.ActiveCfg = Debug|Any CPU
		{53F64E44-FDBF-4717-B9C7-7B10698AE75A}.Debug|Any CPU.Build.0 = Debug|Any CPU
		{53F64E44-FDBF-4717-B9C7-7B10698AE75A}.Release|Any CPU.ActiveCfg = Release|Any CPU
		{53F64E44-FDBF-4717-B9C7-7B10698AE75A}.Release|Any CPU.Build.0 = Release|Any CPU
		{6BCB2DB1-61B1-4730-8194-B76EC7317368}.Debug|Any CPU.ActiveCfg = Debug|Any CPU
		{6BCB2DB1-61B1-4730-8194-B76EC7317368}.Debug|Any CPU.Build.0 = Debug|Any CPU
		{6BCB2DB1-61B1-4730-8194-B76EC7317368}.Release|Any CPU.ActiveCfg = Release|Any CPU
		{6BCB2DB1-61B1-4730-8194-B76EC7317368}.Release|Any CPU.Build.0 = Release|Any CPU
		{404B7A69-C0CF-4B24-8873-B9D23958E0C6}.Debug|Any CPU.ActiveCfg = Debug|Any CPU
		{404B7A69-C0CF-4B24-8873-B9D23958E0C6}.Debug|Any CPU.Build.0 = Debug|Any CPU
		{404B7A69-C0CF-4B24-8873-B9D23958E0C6}.Release|Any CPU.ActiveCfg = Release|Any CPU
		{404B7A69-C0CF-4B24-8873-B9D23958E0C6}.Release|Any CPU.Build.0 = Release|Any CPU
		{B645053A-91D2-4B36-94C3-933A34F600A5}.Debug|Any CPU.ActiveCfg = Debug|Any CPU
		{B645053A-91D2-4B36-94C3-933A34F600A5}.Debug|Any CPU.Build.0 = Debug|Any CPU
		{B645053A-91D2-4B36-94C3-933A34F600A5}.Release|Any CPU.ActiveCfg = Release|Any CPU
		{B645053A-91D2-4B36-94C3-933A34F600A5}.Release|Any CPU.Build.0 = Release|Any CPU
		{5D66386A-4CED-49DD-A217-2A88D46FE083}.Debug|Any CPU.ActiveCfg = Debug|Any CPU
		{5D66386A-4CED-49DD-A217-2A88D46FE083}.Debug|Any CPU.Build.0 = Debug|Any CPU
		{5D66386A-4CED-49DD-A217-2A88D46FE083}.Release|Any CPU.ActiveCfg = Release|Any CPU
		{5D66386A-4CED-49DD-A217-2A88D46FE083}.Release|Any CPU.Build.0 = Release|Any CPU
		{F86A43A7-B453-4E12-864A-F9B63343FB16}.Debug|Any CPU.ActiveCfg = Debug|Any CPU
		{F86A43A7-B453-4E12-864A-F9B63343FB16}.Debug|Any CPU.Build.0 = Debug|Any CPU
		{F86A43A7-B453-4E12-864A-F9B63343FB16}.Release|Any CPU.ActiveCfg = Release|Any CPU
		{F86A43A7-B453-4E12-864A-F9B63343FB16}.Release|Any CPU.Build.0 = Release|Any CPU
		{59BFD787-2439-41F0-A381-44078ED614EA}.Debug|Any CPU.ActiveCfg = Debug|Any CPU
		{59BFD787-2439-41F0-A381-44078ED614EA}.Debug|Any CPU.Build.0 = Debug|Any CPU
		{59BFD787-2439-41F0-A381-44078ED614EA}.Release|Any CPU.ActiveCfg = Release|Any CPU
		{59BFD787-2439-41F0-A381-44078ED614EA}.Release|Any CPU.Build.0 = Release|Any CPU
		{1948BDB2-1D94-4075-A759-7B6C1A5300D0}.Debug|Any CPU.ActiveCfg = Debug|Any CPU
		{1948BDB2-1D94-4075-A759-7B6C1A5300D0}.Debug|Any CPU.Build.0 = Debug|Any CPU
		{1948BDB2-1D94-4075-A759-7B6C1A5300D0}.Release|Any CPU.ActiveCfg = Release|Any CPU
		{1948BDB2-1D94-4075-A759-7B6C1A5300D0}.Release|Any CPU.Build.0 = Release|Any CPU
		{2380ACD7-C84A-4672-A3B8-13B14604ABEE}.Debug|Any CPU.ActiveCfg = Debug|Any CPU
		{2380ACD7-C84A-4672-A3B8-13B14604ABEE}.Debug|Any CPU.Build.0 = Debug|Any CPU
		{2380ACD7-C84A-4672-A3B8-13B14604ABEE}.Release|Any CPU.ActiveCfg = Release|Any CPU
		{2380ACD7-C84A-4672-A3B8-13B14604ABEE}.Release|Any CPU.Build.0 = Release|Any CPU
		{1AA2B28A-5239-44B3-94A9-1156626FFE0B}.Debug|Any CPU.ActiveCfg = Debug|Any CPU
		{1AA2B28A-5239-44B3-94A9-1156626FFE0B}.Debug|Any CPU.Build.0 = Debug|Any CPU
		{1AA2B28A-5239-44B3-94A9-1156626FFE0B}.Release|Any CPU.ActiveCfg = Release|Any CPU
		{1AA2B28A-5239-44B3-94A9-1156626FFE0B}.Release|Any CPU.Build.0 = Release|Any CPU
		{4ECC4CEE-C15F-444F-8046-35408A51761D}.Debug|Any CPU.ActiveCfg = Debug|Any CPU
		{4ECC4CEE-C15F-444F-8046-35408A51761D}.Debug|Any CPU.Build.0 = Debug|Any CPU
		{4ECC4CEE-C15F-444F-8046-35408A51761D}.Release|Any CPU.ActiveCfg = Release|Any CPU
		{4ECC4CEE-C15F-444F-8046-35408A51761D}.Release|Any CPU.Build.0 = Release|Any CPU
		{68357079-8CD0-4537-B63C-23DBBB3EF695}.Debug|Any CPU.ActiveCfg = Debug|Any CPU
		{68357079-8CD0-4537-B63C-23DBBB3EF695}.Debug|Any CPU.Build.0 = Debug|Any CPU
		{68357079-8CD0-4537-B63C-23DBBB3EF695}.Release|Any CPU.ActiveCfg = Release|Any CPU
		{68357079-8CD0-4537-B63C-23DBBB3EF695}.Release|Any CPU.Build.0 = Release|Any CPU
	EndGlobalSection
	GlobalSection(NestedProjects) = preSolution
		{DC0041E9-C395-4757-A1A7-9EC02513BD8B} = {841E1C72-B637-4D01-8576-C41E6502537D}
		{03767E74-31EB-43D5-8138-A8A09B447D3C} = {841E1C72-B637-4D01-8576-C41E6502537D}
		{1E14B366-A4CB-476D-95BD-64D37D6DB3C9} = {841E1C72-B637-4D01-8576-C41E6502537D}
		{5859CB82-D044-4EDC-9AF5-1434E4C77806} = {841E1C72-B637-4D01-8576-C41E6502537D}
		{C4E4D29C-DFDD-4C27-8058-AE207EF488A2} = {841E1C72-B637-4D01-8576-C41E6502537D}
		{92793714-217C-4724-9E79-7D8E407C40E1} = {841E1C72-B637-4D01-8576-C41E6502537D}
		{1B919BDD-EF0F-431B-831F-AF7FBFC42164} = {841E1C72-B637-4D01-8576-C41E6502537D}
		{046CEAA4-1C25-4857-B272-5245FF421871} = {841E1C72-B637-4D01-8576-C41E6502537D}
		{53F64E44-FDBF-4717-B9C7-7B10698AE75A} = {841E1C72-B637-4D01-8576-C41E6502537D}
		{6BCB2DB1-61B1-4730-8194-B76EC7317368} = {841E1C72-B637-4D01-8576-C41E6502537D}
		{404B7A69-C0CF-4B24-8873-B9D23958E0C6} = {841E1C72-B637-4D01-8576-C41E6502537D}
		{B645053A-91D2-4B36-94C3-933A34F600A5} = {841E1C72-B637-4D01-8576-C41E6502537D}
		{5D66386A-4CED-49DD-A217-2A88D46FE083} = {841E1C72-B637-4D01-8576-C41E6502537D}
		{F86A43A7-B453-4E12-864A-F9B63343FB16} = {841E1C72-B637-4D01-8576-C41E6502537D}
		{59BFD787-2439-41F0-A381-44078ED614EA} = {841E1C72-B637-4D01-8576-C41E6502537D}
		{1948BDB2-1D94-4075-A759-7B6C1A5300D0} = {841E1C72-B637-4D01-8576-C41E6502537D}
		{2380ACD7-C84A-4672-A3B8-13B14604ABEE} = {841E1C72-B637-4D01-8576-C41E6502537D}
		{1AA2B28A-5239-44B3-94A9-1156626FFE0B} = {841E1C72-B637-4D01-8576-C41E6502537D}
		{4ECC4CEE-C15F-444F-8046-35408A51761D} = {841E1C72-B637-4D01-8576-C41E6502537D}
		{68357079-8CD0-4537-B63C-23DBBB3EF695} = {841E1C72-B637-4D01-8576-C41E6502537D}
	EndGlobalSection
EndGlobal
