
Microsoft Visual Studio Solution File, Format Version 12.00
# Visual Studio Version 17
VisualStudioVersion = 17.0.31903.59
MinimumVisualStudioVersion = 10.0.40219.1
Project("{2150E333-8FDC-42A3-9474-1A3956D46DE8}") = "src", "src", "{F19C94FE-4A4D-42B9-AB88-27C4053E19E6}"
EndProject
Project("{FAE04EC0-301F-11D3-BF4B-00C04F79EFBC}") = "Linebotsdkx.ChannelAccessToken", "src\Linebotsdkx.ChannelAccessToken\Linebotsdkx.ChannelAccessToken.csproj", "{4556B191-486A-4416-858D-89EC5DD8EAB8}"
EndProject
Project("{FAE04EC0-301F-11D3-BF4B-00C04F79EFBC}") = "Linebotsdkx.ChannelAccessToken.Test", "src\Linebotsdkx.ChannelAccessToken.Test\Linebotsdkx.ChannelAccessToken.Test.csproj", "{22C4CABB-38BE-418B-AFFF-9C30973A7A2A}"
EndProject
Project("{FAE04EC0-301F-11D3-BF4B-00C04F79EFBC}") = "Linebotsdkx.Insight", "src\Linebotsdkx.Insight\Linebotsdkx.Insight.csproj", "{1B64ABAA-9E6C-402C-A81E-515821DD77DB}"
EndProject
Project("{FAE04EC0-301F-11D3-BF4B-00C04F79EFBC}") = "Linebotsdkx.Insight.Test", "src\Linebotsdkx.Insight.Test\Linebotsdkx.Insight.Test.csproj", "{77E4A184-8626-4EC7-A70B-75637198305E}"
EndProject
Project("{FAE04EC0-301F-11D3-BF4B-00C04F79EFBC}") = "Linebotsdkx.Liff", "src\Linebotsdkx.Liff\Linebotsdkx.Liff.csproj", "{405C214B-9100-4B33-B57E-14C6ACAC9328}"
EndProject
Project("{FAE04EC0-301F-11D3-BF4B-00C04F79EFBC}") = "Linebotsdkx.Liff.Test", "src\Linebotsdkx.Liff.Test\Linebotsdkx.Liff.Test.csproj", "{09D6257A-4B94-45DF-A586-ED3F2B81A038}"
EndProject
Project("{FAE04EC0-301F-11D3-BF4B-00C04F79EFBC}") = "Linebotsdkx.ManageAudience", "src\Linebotsdkx.ManageAudience\Linebotsdkx.ManageAudience.csproj", "{77CE659B-FB80-455D-BBD2-7FFB8CCA2513}"
EndProject
Project("{FAE04EC0-301F-11D3-BF4B-00C04F79EFBC}") = "Linebotsdkx.ManageAudience.Test", "src\Linebotsdkx.ManageAudience.Test\Linebotsdkx.ManageAudience.Test.csproj", "{9DA8B322-3436-4BDF-A805-1D01C7E60F40}"
EndProject
Project("{FAE04EC0-301F-11D3-BF4B-00C04F79EFBC}") = "Linebotsdkx.MessagingApi", "src\Linebotsdkx.MessagingApi\Linebotsdkx.MessagingApi.csproj", "{FFB80D53-4267-41F2-963C-58AA1849C0B6}"
EndProject
Project("{FAE04EC0-301F-11D3-BF4B-00C04F79EFBC}") = "Linebotsdkx.MessagingApi.Test", "src\Linebotsdkx.MessagingApi.Test\Linebotsdkx.MessagingApi.Test.csproj", "{2EE20304-9F4C-4056-A012-1C6001E2AC25}"
EndProject
Project("{FAE04EC0-301F-11D3-BF4B-00C04F79EFBC}") = "Linebotsdkx.ModuleAttach", "src\Linebotsdkx.ModuleAttach\Linebotsdkx.ModuleAttach.csproj", "{D0B36448-64FA-406B-98D1-9502A04354A0}"
EndProject
Project("{FAE04EC0-301F-11D3-BF4B-00C04F79EFBC}") = "Linebotsdkx.ModuleAttach.Test", "src\Linebotsdkx.ModuleAttach.Test\Linebotsdkx.ModuleAttach.Test.csproj", "{32DA0AC6-C9EE-4A61-A2DB-F8E50EA94220}"
EndProject
Project("{FAE04EC0-301F-11D3-BF4B-00C04F79EFBC}") = "Linebotsdkx.Module", "src\Linebotsdkx.Module\Linebotsdkx.Module.csproj", "{CD108D11-8770-41C0-9FB5-54884C5042F1}"
EndProject
Project("{FAE04EC0-301F-11D3-BF4B-00C04F79EFBC}") = "Linebotsdkx.Module.Test", "src\Linebotsdkx.Module.Test\Linebotsdkx.Module.Test.csproj", "{42A8413D-4263-4409-BE1B-7D3F4EBD1E18}"
EndProject
Project("{FAE04EC0-301F-11D3-BF4B-00C04F79EFBC}") = "Linebotsdkx.MvcUtility", "src\Linebotsdkx.MvcUtility\Linebotsdkx.MvcUtility.csproj", "{99D7B168-C4BE-49FC-AE87-6BE20F992C11}"
EndProject
Project("{FAE04EC0-301F-11D3-BF4B-00C04F79EFBC}") = "Linebotsdkx.Shop", "src\Linebotsdkx.Shop\Linebotsdkx.Shop.csproj", "{FA3EE293-DBFE-48F8-B7AD-0D40AE752EAD}"
EndProject
Project("{FAE04EC0-301F-11D3-BF4B-00C04F79EFBC}") = "Linebotsdkx.Shop.Test", "src\Linebotsdkx.Shop.Test\Linebotsdkx.Shop.Test.csproj", "{4D8A8D7F-5E03-4E8F-A404-185FF62F561C}"
EndProject
Project("{FAE04EC0-301F-11D3-BF4B-00C04F79EFBC}") = "Linebotsdkx.Utility", "src\Linebotsdkx.Utility\Linebotsdkx.Utility.csproj", "{AC75E944-1163-41DD-BFA4-3A6545052F06}"
EndProject
Project("{FAE04EC0-301F-11D3-BF4B-00C04F79EFBC}") = "Linebotsdkx.Webhook", "src\Linebotsdkx.Webhook\Linebotsdkx.Webhook.csproj", "{3F96D887-45B4-48ED-9BAB-5EF22522B8F2}"
EndProject
Project("{FAE04EC0-301F-11D3-BF4B-00C04F79EFBC}") = "Linebotsdkx.Webhook.Test", "src\Linebotsdkx.Webhook.Test\Linebotsdkx.Webhook.Test.csproj", "{9AD13A2D-331F-4915-A41E-3CC225A80C0E}"
EndProject
Global
	GlobalSection(SolutionConfigurationPlatforms) = preSolution
		Debug|Any CPU = Debug|Any CPU
		Release|Any CPU = Release|Any CPU
	EndGlobalSection
	GlobalSection(SolutionProperties) = preSolution
		HideSolutionNode = FALSE
	EndGlobalSection
	GlobalSection(ProjectConfigurationPlatforms) = postSolution
		{4556B191-486A-4416-858D-89EC5DD8EAB8}.Debug|Any CPU.ActiveCfg = Debug|Any CPU
		{4556B191-486A-4416-858D-89EC5DD8EAB8}.Debug|Any CPU.Build.0 = Debug|Any CPU
		{4556B191-486A-4416-858D-89EC5DD8EAB8}.Release|Any CPU.ActiveCfg = Release|Any CPU
		{4556B191-486A-4416-858D-89EC5DD8EAB8}.Release|Any CPU.Build.0 = Release|Any CPU
		{22C4CABB-38BE-418B-AFFF-9C30973A7A2A}.Debug|Any CPU.ActiveCfg = Debug|Any CPU
		{22C4CABB-38BE-418B-AFFF-9C30973A7A2A}.Debug|Any CPU.Build.0 = Debug|Any CPU
		{22C4CABB-38BE-418B-AFFF-9C30973A7A2A}.Release|Any CPU.ActiveCfg = Release|Any CPU
		{22C4CABB-38BE-418B-AFFF-9C30973A7A2A}.Release|Any CPU.Build.0 = Release|Any CPU
		{1B64ABAA-9E6C-402C-A81E-515821DD77DB}.Debug|Any CPU.ActiveCfg = Debug|Any CPU
		{1B64ABAA-9E6C-402C-A81E-515821DD77DB}.Debug|Any CPU.Build.0 = Debug|Any CPU
		{1B64ABAA-9E6C-402C-A81E-515821DD77DB}.Release|Any CPU.ActiveCfg = Release|Any CPU
		{1B64ABAA-9E6C-402C-A81E-515821DD77DB}.Release|Any CPU.Build.0 = Release|Any CPU
		{77E4A184-8626-4EC7-A70B-75637198305E}.Debug|Any CPU.ActiveCfg = Debug|Any CPU
		{77E4A184-8626-4EC7-A70B-75637198305E}.Debug|Any CPU.Build.0 = Debug|Any CPU
		{77E4A184-8626-4EC7-A70B-75637198305E}.Release|Any CPU.ActiveCfg = Release|Any CPU
		{77E4A184-8626-4EC7-A70B-75637198305E}.Release|Any CPU.Build.0 = Release|Any CPU
		{405C214B-9100-4B33-B57E-14C6ACAC9328}.Debug|Any CPU.ActiveCfg = Debug|Any CPU
		{405C214B-9100-4B33-B57E-14C6ACAC9328}.Debug|Any CPU.Build.0 = Debug|Any CPU
		{405C214B-9100-4B33-B57E-14C6ACAC9328}.Release|Any CPU.ActiveCfg = Release|Any CPU
		{405C214B-9100-4B33-B57E-14C6ACAC9328}.Release|Any CPU.Build.0 = Release|Any CPU
		{09D6257A-4B94-45DF-A586-ED3F2B81A038}.Debug|Any CPU.ActiveCfg = Debug|Any CPU
		{09D6257A-4B94-45DF-A586-ED3F2B81A038}.Debug|Any CPU.Build.0 = Debug|Any CPU
		{09D6257A-4B94-45DF-A586-ED3F2B81A038}.Release|Any CPU.ActiveCfg = Release|Any CPU
		{09D6257A-4B94-45DF-A586-ED3F2B81A038}.Release|Any CPU.Build.0 = Release|Any CPU
		{77CE659B-FB80-455D-BBD2-7FFB8CCA2513}.Debug|Any CPU.ActiveCfg = Debug|Any CPU
		{77CE659B-FB80-455D-BBD2-7FFB8CCA2513}.Debug|Any CPU.Build.0 = Debug|Any CPU
		{77CE659B-FB80-455D-BBD2-7FFB8CCA2513}.Release|Any CPU.ActiveCfg = Release|Any CPU
		{77CE659B-FB80-455D-BBD2-7FFB8CCA2513}.Release|Any CPU.Build.0 = Release|Any CPU
		{9DA8B322-3436-4BDF-A805-1D01C7E60F40}.Debug|Any CPU.ActiveCfg = Debug|Any CPU
		{9DA8B322-3436-4BDF-A805-1D01C7E60F40}.Debug|Any CPU.Build.0 = Debug|Any CPU
		{9DA8B322-3436-4BDF-A805-1D01C7E60F40}.Release|Any CPU.ActiveCfg = Release|Any CPU
		{9DA8B322-3436-4BDF-A805-1D01C7E60F40}.Release|Any CPU.Build.0 = Release|Any CPU
		{FFB80D53-4267-41F2-963C-58AA1849C0B6}.Debug|Any CPU.ActiveCfg = Debug|Any CPU
		{FFB80D53-4267-41F2-963C-58AA1849C0B6}.Debug|Any CPU.Build.0 = Debug|Any CPU
		{FFB80D53-4267-41F2-963C-58AA1849C0B6}.Release|Any CPU.ActiveCfg = Release|Any CPU
		{FFB80D53-4267-41F2-963C-58AA1849C0B6}.Release|Any CPU.Build.0 = Release|Any CPU
		{2EE20304-9F4C-4056-A012-1C6001E2AC25}.Debug|Any CPU.ActiveCfg = Debug|Any CPU
		{2EE20304-9F4C-4056-A012-1C6001E2AC25}.Debug|Any CPU.Build.0 = Debug|Any CPU
		{2EE20304-9F4C-4056-A012-1C6001E2AC25}.Release|Any CPU.ActiveCfg = Release|Any CPU
		{2EE20304-9F4C-4056-A012-1C6001E2AC25}.Release|Any CPU.Build.0 = Release|Any CPU
		{D0B36448-64FA-406B-98D1-9502A04354A0}.Debug|Any CPU.ActiveCfg = Debug|Any CPU
		{D0B36448-64FA-406B-98D1-9502A04354A0}.Debug|Any CPU.Build.0 = Debug|Any CPU
		{D0B36448-64FA-406B-98D1-9502A04354A0}.Release|Any CPU.ActiveCfg = Release|Any CPU
		{D0B36448-64FA-406B-98D1-9502A04354A0}.Release|Any CPU.Build.0 = Release|Any CPU
		{32DA0AC6-C9EE-4A61-A2DB-F8E50EA94220}.Debug|Any CPU.ActiveCfg = Debug|Any CPU
		{32DA0AC6-C9EE-4A61-A2DB-F8E50EA94220}.Debug|Any CPU.Build.0 = Debug|Any CPU
		{32DA0AC6-C9EE-4A61-A2DB-F8E50EA94220}.Release|Any CPU.ActiveCfg = Release|Any CPU
		{32DA0AC6-C9EE-4A61-A2DB-F8E50EA94220}.Release|Any CPU.Build.0 = Release|Any CPU
		{CD108D11-8770-41C0-9FB5-54884C5042F1}.Debug|Any CPU.ActiveCfg = Debug|Any CPU
		{CD108D11-8770-41C0-9FB5-54884C5042F1}.Debug|Any CPU.Build.0 = Debug|Any CPU
		{CD108D11-8770-41C0-9FB5-54884C5042F1}.Release|Any CPU.ActiveCfg = Release|Any CPU
		{CD108D11-8770-41C0-9FB5-54884C5042F1}.Release|Any CPU.Build.0 = Release|Any CPU
		{42A8413D-4263-4409-BE1B-7D3F4EBD1E18}.Debug|Any CPU.ActiveCfg = Debug|Any CPU
		{42A8413D-4263-4409-BE1B-7D3F4EBD1E18}.Debug|Any CPU.Build.0 = Debug|Any CPU
		{42A8413D-4263-4409-BE1B-7D3F4EBD1E18}.Release|Any CPU.ActiveCfg = Release|Any CPU
		{42A8413D-4263-4409-BE1B-7D3F4EBD1E18}.Release|Any CPU.Build.0 = Release|Any CPU
		{99D7B168-C4BE-49FC-AE87-6BE20F992C11}.Debug|Any CPU.ActiveCfg = Debug|Any CPU
		{99D7B168-C4BE-49FC-AE87-6BE20F992C11}.Debug|Any CPU.Build.0 = Debug|Any CPU
		{99D7B168-C4BE-49FC-AE87-6BE20F992C11}.Release|Any CPU.ActiveCfg = Release|Any CPU
		{99D7B168-C4BE-49FC-AE87-6BE20F992C11}.Release|Any CPU.Build.0 = Release|Any CPU
		{FA3EE293-DBFE-48F8-B7AD-0D40AE752EAD}.Debug|Any CPU.ActiveCfg = Debug|Any CPU
		{FA3EE293-DBFE-48F8-B7AD-0D40AE752EAD}.Debug|Any CPU.Build.0 = Debug|Any CPU
		{FA3EE293-DBFE-48F8-B7AD-0D40AE752EAD}.Release|Any CPU.ActiveCfg = Release|Any CPU
		{FA3EE293-DBFE-48F8-B7AD-0D40AE752EAD}.Release|Any CPU.Build.0 = Release|Any CPU
		{4D8A8D7F-5E03-4E8F-A404-185FF62F561C}.Debug|Any CPU.ActiveCfg = Debug|Any CPU
		{4D8A8D7F-5E03-4E8F-A404-185FF62F561C}.Debug|Any CPU.Build.0 = Debug|Any CPU
		{4D8A8D7F-5E03-4E8F-A404-185FF62F561C}.Release|Any CPU.ActiveCfg = Release|Any CPU
		{4D8A8D7F-5E03-4E8F-A404-185FF62F561C}.Release|Any CPU.Build.0 = Release|Any CPU
		{AC75E944-1163-41DD-BFA4-3A6545052F06}.Debug|Any CPU.ActiveCfg = Debug|Any CPU
		{AC75E944-1163-41DD-BFA4-3A6545052F06}.Debug|Any CPU.Build.0 = Debug|Any CPU
		{AC75E944-1163-41DD-BFA4-3A6545052F06}.Release|Any CPU.ActiveCfg = Release|Any CPU
		{AC75E944-1163-41DD-BFA4-3A6545052F06}.Release|Any CPU.Build.0 = Release|Any CPU
		{3F96D887-45B4-48ED-9BAB-5EF22522B8F2}.Debug|Any CPU.ActiveCfg = Debug|Any CPU
		{3F96D887-45B4-48ED-9BAB-5EF22522B8F2}.Debug|Any CPU.Build.0 = Debug|Any CPU
		{3F96D887-45B4-48ED-9BAB-5EF22522B8F2}.Release|Any CPU.ActiveCfg = Release|Any CPU
		{3F96D887-45B4-48ED-9BAB-5EF22522B8F2}.Release|Any CPU.Build.0 = Release|Any CPU
		{9AD13A2D-331F-4915-A41E-3CC225A80C0E}.Debug|Any CPU.ActiveCfg = Debug|Any CPU
		{9AD13A2D-331F-4915-A41E-3CC225A80C0E}.Debug|Any CPU.Build.0 = Debug|Any CPU
		{9AD13A2D-331F-4915-A41E-3CC225A80C0E}.Release|Any CPU.ActiveCfg = Release|Any CPU
		{9AD13A2D-331F-4915-A41E-3CC225A80C0E}.Release|Any CPU.Build.0 = Release|Any CPU
	EndGlobalSection
	GlobalSection(NestedProjects) = preSolution
		{4556B191-486A-4416-858D-89EC5DD8EAB8} = {F19C94FE-4A4D-42B9-AB88-27C4053E19E6}
		{22C4CABB-38BE-418B-AFFF-9C30973A7A2A} = {F19C94FE-4A4D-42B9-AB88-27C4053E19E6}
		{1B64ABAA-9E6C-402C-A81E-515821DD77DB} = {F19C94FE-4A4D-42B9-AB88-27C4053E19E6}
		{77E4A184-8626-4EC7-A70B-75637198305E} = {F19C94FE-4A4D-42B9-AB88-27C4053E19E6}
		{405C214B-9100-4B33-B57E-14C6ACAC9328} = {F19C94FE-4A4D-42B9-AB88-27C4053E19E6}
		{09D6257A-4B94-45DF-A586-ED3F2B81A038} = {F19C94FE-4A4D-42B9-AB88-27C4053E19E6}
		{77CE659B-FB80-455D-BBD2-7FFB8CCA2513} = {F19C94FE-4A4D-42B9-AB88-27C4053E19E6}
		{9DA8B322-3436-4BDF-A805-1D01C7E60F40} = {F19C94FE-4A4D-42B9-AB88-27C4053E19E6}
		{FFB80D53-4267-41F2-963C-58AA1849C0B6} = {F19C94FE-4A4D-42B9-AB88-27C4053E19E6}
		{2EE20304-9F4C-4056-A012-1C6001E2AC25} = {F19C94FE-4A4D-42B9-AB88-27C4053E19E6}
		{D0B36448-64FA-406B-98D1-9502A04354A0} = {F19C94FE-4A4D-42B9-AB88-27C4053E19E6}
		{32DA0AC6-C9EE-4A61-A2DB-F8E50EA94220} = {F19C94FE-4A4D-42B9-AB88-27C4053E19E6}
		{CD108D11-8770-41C0-9FB5-54884C5042F1} = {F19C94FE-4A4D-42B9-AB88-27C4053E19E6}
		{42A8413D-4263-4409-BE1B-7D3F4EBD1E18} = {F19C94FE-4A4D-42B9-AB88-27C4053E19E6}
		{99D7B168-C4BE-49FC-AE87-6BE20F992C11} = {F19C94FE-4A4D-42B9-AB88-27C4053E19E6}
		{FA3EE293-DBFE-48F8-B7AD-0D40AE752EAD} = {F19C94FE-4A4D-42B9-AB88-27C4053E19E6}
		{4D8A8D7F-5E03-4E8F-A404-185FF62F561C} = {F19C94FE-4A4D-42B9-AB88-27C4053E19E6}
		{AC75E944-1163-41DD-BFA4-3A6545052F06} = {F19C94FE-4A4D-42B9-AB88-27C4053E19E6}
		{3F96D887-45B4-48ED-9BAB-5EF22522B8F2} = {F19C94FE-4A4D-42B9-AB88-27C4053E19E6}
		{9AD13A2D-331F-4915-A41E-3CC225A80C0E} = {F19C94FE-4A4D-42B9-AB88-27C4053E19E6}
	EndGlobalSection
EndGlobal
